
Microsoft Visual Studio Solution File, Format Version 12.00
# Visual Studio Version 17
VisualStudioVersion = 17.4.33403.182
MinimumVisualStudioVersion = 10.0.40219.1
Project("{8BC9CEB8-8B4A-11D0-8D11-00A0C91BC942}") = "CHMLab2", "CHMLab2\CHMLab2.vcxproj", "{62846647-8FD4-43D8-A478-5DCBA2AB927A}"
EndProject
Global
	GlobalSection(SolutionConfigurationPlatforms) = preSolution
		Debug|x64 = Debug|x64
		Debug|x86 = Debug|x86
		Release|x64 = Release|x64
		Release|x86 = Release|x86
	EndGlobalSection
	GlobalSection(ProjectConfigurationPlatforms) = postSolution
		{62846647-8FD4-43D8-A478-5DCBA2AB927A}.Debug|x64.ActiveCfg = Debug|x64
		{62846647-8FD4-43D8-A478-5DCBA2AB927A}.Debug|x64.Build.0 = Debug|x64
		{62846647-8FD4-43D8-A478-5DCBA2AB927A}.Debug|x86.ActiveCfg = Debug|Win32
		{62846647-8FD4-43D8-A478-5DCBA2AB927A}.Debug|x86.Build.0 = Debug|Win32
		{62846647-8FD4-43D8-A478-5DCBA2AB927A}.Release|x64.ActiveCfg = Release|x64
		{62846647-8FD4-43D8-A478-5DCBA2AB927A}.Release|x64.Build.0 = Release|x64
		{62846647-8FD4-43D8-A478-5DCBA2AB927A}.Release|x86.ActiveCfg = Release|Win32
		{62846647-8FD4-43D8-A478-5DCBA2AB927A}.Release|x86.Build.0 = Release|Win32
	EndGlobalSection
	GlobalSection(SolutionProperties) = preSolution
		HideSolutionNode = FALSE
	EndGlobalSection
	GlobalSection(ExtensibilityGlobals) = postSolution
		SolutionGuid = {99BDAD09-1A80-4E24-8BF6-339DD97658D4}
	EndGlobalSection
EndGlobal
